{
  "originHash" : "8ad618d64a25e3789e312e161f2f66720bab1f09716dbfe64a4431846056af7d",
  "pins" : [
    {
      "identity" : "lzfse-swift",
      "kind" : "remoteSourceControl",
      "location" : "https://github.com/CharlesJS/lzfse-swift",
      "state" : {
        "revision" : "01e33efe2b7b112f1a31a90d7735452623d5bab7",
        "version" : "1.0.0"
      }
    },
    {
      "identity" : "swift-system",
      "kind" : "remoteSourceControl",
      "location" : "https://github.com/apple/swift-system",
      "state" : {
        "revision" : "50688cacbd41d547e9eb9f7a213542340b7c442b",
        "version" : "1.7.5"
      }
    }
  ],
  "version" : 3
}
